{
    "_meta": {
        "hash": {
            "sha256": "18b4ddcd8299203b6b2ac1832dca8f18c7b8d3785fd214bb1a088c0d366b849d"
        },
        "pipfile-spec": 6,
        "requires": {
            "python_version": "3.9"
        },
        "sources": [
            {
                "name": "pypi",
                "url": "https://pypi.org/simple",
                "verify_ssl": true
            }
        ]
    },
    "default": {
        "pyhumps": {
            "hashes": [
                "sha256:0ecf7fee84503b45afdd3841ec769b529d32dfaed855e07046ff8babcc0ab831",
                "sha256:8d7e9865d6ddb6e64a2e97d951b78b5cc827d3d66cda1297310fc83b2ddf51dc"
            ],
            "index": "pypi",
            "version": "==3.5.3"
        }
    },
    "develop": {
        "adr-tools-python": {
            "hashes": [
                "sha256:0bbd23ea47ec72559f16bd9e4237c1ff3ee848fd2b8a03f31e2b976ba185ecfd"
            ],
            "index": "pypi",
            "version": "==1.0.3"
        },
        "argparse": {
            "hashes": [
                "sha256:62b089a55be1d8949cd2bc7e0df0bddb9e028faefc8c32038cc84862aefdd6e4",
                "sha256:c31647edb69fd3d465a847ea3157d37bed1f95f19760b11a47aa91c04b666314"
            ],
            "version": "==1.4.0"
        }
    }
}
