{
    "_meta": {
        "hash": {
            "sha256": "5e66d9550449c3947270612a327f527fa2ba4d86e0117d8d3fd0e74e464f4e24"
        },
        "pipfile-spec": 6,
        "requires": {
            "python_version": "3.9"
        },
        "sources": [
            {
                "name": "pypi",
                "url": "https://pypi.org/simple",
                "verify_ssl": true
            }
        ]
    },
    "default": {
        "install": {
            "hashes": [
                "sha256:0d3fadf4aa62c95efe8d34757c8507eb46177f86c016c21c6551eafc6a53d5a9",
                "sha256:e67c8a0be5ccf8cb4ffa17d090f3a61b6e820e6a7e21cd1d2c0f7bc59b18e647"
            ],
            "index": "pypi",
            "version": "==1.3.5"
        },
        "pyhumps": {
            "hashes": [
                "sha256:0ecf7fee84503b45afdd3841ec769b529d32dfaed855e07046ff8babcc0ab831",
                "sha256:8d7e9865d6ddb6e64a2e97d951b78b5cc827d3d66cda1297310fc83b2ddf51dc"
            ],
            "index": "pypi",
            "version": "==3.5.3"
        },
        "werkzeug": {
            "hashes": [
                "sha256:3389bbfe6d40c6dd25e6d3f974155163c8b3de5bbda6a89342d4ab93fae80ba0",
                "sha256:64c02f6495ba01eddd6625b3675f357cd358a73f1e38458a56ad86c5baa30b53"
            ],
            "index": "pypi",
            "version": "==2.0.0"
        }
    },
    "develop": {
        "adr-tools-python": {
            "hashes": [
                "sha256:0bbd23ea47ec72559f16bd9e4237c1ff3ee848fd2b8a03f31e2b976ba185ecfd"
            ],
            "index": "pypi",
            "version": "==1.0.3"
        },
        "argparse": {
            "hashes": [
                "sha256:62b089a55be1d8949cd2bc7e0df0bddb9e028faefc8c32038cc84862aefdd6e4",
                "sha256:c31647edb69fd3d465a847ea3157d37bed1f95f19760b11a47aa91c04b666314"
            ],
            "version": "==1.4.0"
        }
    }
}
